Microsoft Visual Studio Solution File, Format Version 11.00
# Visual Studio 2008

Project("{2F4DD92F-6615-1749-EF07-88163A292A0B}") = "AutoComponentCaches", "Assembly-CSharp.csproj", "{FB8CE811-1068-394B-0812-5880B690F2F8}"
EndProject
Global
	GlobalSection(SolutionConfigurationPlatforms) = preSolution
		Debug|Any CPU = Debug|Any CPU
		Release|Any CPU = Release|Any CPU
	EndGlobalSection
	GlobalSection(ProjectConfigurationPlatforms) = postSolution
		{FB8CE811-1068-394B-0812-5880B690F2F8}.Debug|Any CPU.ActiveCfg = Debug|Any CPU
		{FB8CE811-1068-394B-0812-5880B690F2F8}.Debug|Any CPU.Build.0 = Debug|Any CPU
		{FB8CE811-1068-394B-0812-5880B690F2F8}.Release|Any CPU.ActiveCfg = Release|Any CPU
		{FB8CE811-1068-394B-0812-5880B690F2F8}.Release|Any CPU.Build.0 = Release|Any CPU
	EndGlobalSection
	GlobalSection(SolutionProperties) = preSolution
		HideSolutionNode = FALSE
	EndGlobalSection
	GlobalSection(MonoDevelopProperties) = preSolution
		StartupItem = Assembly-CSharp.csproj
	EndGlobalSection
EndGlobal
